
Microsoft Visual Studio Solution File, Format Version 12.00
# Visual Studio Version 17
VisualStudioVersion = 17.9.34902.65
MinimumVisualStudioVersion = 10.0.40219.1
Project("{9A19103F-16F7-4668-BE54-9A1E7A4F7556}") = "Practice", "Practice\Practice.csproj", "{D6B288F4-666F-48DE-BEF6-6A0532779728}"
EndProject
Project("{2150E333-8FDC-42A3-9474-1A3956D46DE8}") = "Элементы решения", "Элементы решения", "{0EF9E080-1ABC-490D-BC32-6550358AFC1D}"
EndProject
Project("{E53339B2-1760-4266-BCC7-CA923CBCF16C}") = "docker-compose", "docker-compose.dcproj", "{377EDD5B-0544-4DB7-9018-C8B6B5EA3F8D}"
EndProject
Global
	GlobalSection(SolutionConfigurationPlatforms) = preSolution
		Debug|Any CPU = Debug|Any CPU
		Release|Any CPU = Release|Any CPU
	EndGlobalSection
	GlobalSection(ProjectConfigurationPlatforms) = postSolution
		{D6B288F4-666F-48DE-BEF6-6A0532779728}.Debug|Any CPU.ActiveCfg = Debug|Any CPU
		{D6B288F4-666F-48DE-BEF6-6A0532779728}.Debug|Any CPU.Build.0 = Debug|Any CPU
		{D6B288F4-666F-48DE-BEF6-6A0532779728}.Release|Any CPU.ActiveCfg = Release|Any CPU
		{D6B288F4-666F-48DE-BEF6-6A0532779728}.Release|Any CPU.Build.0 = Release|Any CPU
		{377EDD5B-0544-4DB7-9018-C8B6B5EA3F8D}.Debug|Any CPU.ActiveCfg = Debug|Any CPU
		{377EDD5B-0544-4DB7-9018-C8B6B5EA3F8D}.Debug|Any CPU.Build.0 = Debug|Any CPU
		{377EDD5B-0544-4DB7-9018-C8B6B5EA3F8D}.Release|Any CPU.ActiveCfg = Release|Any CPU
		{377EDD5B-0544-4DB7-9018-C8B6B5EA3F8D}.Release|Any CPU.Build.0 = Release|Any CPU
	EndGlobalSection
	GlobalSection(SolutionProperties) = preSolution
		HideSolutionNode = FALSE
	EndGlobalSection
	GlobalSection(ExtensibilityGlobals) = postSolution
		SolutionGuid = {E6DC09D4-C7FC-4B75-9AAF-95CCC4A524B5}
	EndGlobalSection
EndGlobal
